
Microsoft Visual Studio Solution File, Format Version 12.00
# Visual Studio Version 16
VisualStudioVersion = 16.0.31402.337
MinimumVisualStudioVersion = 10.0.40219.1
Project("{9A19103F-16F7-4668-BE54-9A1E7A4F7556}") = "Streamish.Tests", "Streamish.Tests\Streamish.Tests.csproj", "{ADAF243A-5FE2-4955-8AB5-D9A4CBDCF148}"
EndProject
Project("{9A19103F-16F7-4668-BE54-9A1E7A4F7556}") = "Streamish", "Streamish\Streamish.csproj", "{BAE8B8F9-97FA-4235-A739-4A4A8EA1698E}"
EndProject
Global
	GlobalSection(SolutionConfigurationPlatforms) = preSolution
		Debug|Any CPU = Debug|Any CPU
		Release|Any CPU = Release|Any CPU
	EndGlobalSection
	GlobalSection(ProjectConfigurationPlatforms) = postSolution
		{ADAF243A-5FE2-4955-8AB5-D9A4CBDCF148}.Debug|Any CPU.ActiveCfg = Debug|Any CPU
		{ADAF243A-5FE2-4955-8AB5-D9A4CBDCF148}.Debug|Any CPU.Build.0 = Debug|Any CPU
		{ADAF243A-5FE2-4955-8AB5-D9A4CBDCF148}.Release|Any CPU.ActiveCfg = Release|Any CPU
		{ADAF243A-5FE2-4955-8AB5-D9A4CBDCF148}.Release|Any CPU.Build.0 = Release|Any CPU
		{BAE8B8F9-97FA-4235-A739-4A4A8EA1698E}.Debug|Any CPU.ActiveCfg = Debug|Any CPU
		{BAE8B8F9-97FA-4235-A739-4A4A8EA1698E}.Debug|Any CPU.Build.0 = Debug|Any CPU
		{BAE8B8F9-97FA-4235-A739-4A4A8EA1698E}.Release|Any CPU.ActiveCfg = Release|Any CPU
		{BAE8B8F9-97FA-4235-A739-4A4A8EA1698E}.Release|Any CPU.Build.0 = Release|Any CPU
	EndGlobalSection
	GlobalSection(SolutionProperties) = preSolution
		HideSolutionNode = FALSE
	EndGlobalSection
	GlobalSection(ExtensibilityGlobals) = postSolution
		SolutionGuid = {AA29AB54-02BA-46ED-A9DF-63806A6EC0AA}
	EndGlobalSection
EndGlobal
